
Microsoft Visual Studio Solution File, Format Version 12.00
# Visual Studio Version 17
VisualStudioVersion = 17.1.32210.238
MinimumVisualStudioVersion = 10.0.40219.1
Project("{2150E333-8FDC-42A3-9474-1A3956D46DE8}") = "Bootstrapper", "Bootstrapper", "{2C7CBE78-CCC3-4A34-BAC9-876780D1AE17}"
EndProject
Project("{2150E333-8FDC-42A3-9474-1A3956D46DE8}") = "Modules", "Modules", "{EC5939E3-6A7E-475A-B86C-90BC0778936F}"
EndProject
Project("{2150E333-8FDC-42A3-9474-1A3956D46DE8}") = "Shared", "Shared", "{9229F636-522F-4214-8DFD-2028F7939339}"
	ProjectSection(SolutionItems) = preProject
		Shared\docker-compose.yml = Shared\docker-compose.yml
	EndProjectSection
EndProject
Project("{9A19103F-16F7-4668-BE54-9A1E7A4F7556}") = "InflowSystem.Shared.Abstractions", "Shared\InflowSystem.Shared.Abstractions\InflowSystem.Shared.Abstractions.csproj", "{EB0C42D3-61D6-47CC-8486-2AA2B15445FE}"
EndProject
Project("{9A19103F-16F7-4668-BE54-9A1E7A4F7556}") = "InflowSystem.Shared.Infrastructure", "Shared\InflowSystem.Shared.Infrastructure\InflowSystem.Shared.Infrastructure.csproj", "{395F5323-82E7-4A5D-B828-1DA9BD401C83}"
EndProject
Project("{9A19103F-16F7-4668-BE54-9A1E7A4F7556}") = "InflowSystem.Bootstrapper", "Bootstrapper\InflowSystem.Bootstrapper\InflowSystem.Bootstrapper.csproj", "{B4739E85-9A6E-48A2-A7CC-3EDDF34F9909}"
EndProject
Project("{2150E333-8FDC-42A3-9474-1A3956D46DE8}") = "Customers", "Customers", "{05565DC1-824A-4147-9970-A75BD8DBE9A8}"
EndProject
Project("{9A19103F-16F7-4668-BE54-9A1E7A4F7556}") = "InflowSystem.Modules.Customers.Api", "Modules\Customers\InflowSystem.Modules.Customers.Api\InflowSystem.Modules.Customers.Api.csproj", "{BFB4B215-E2C2-4E60-812A-7D0D47691ABA}"
EndProject
Project("{9A19103F-16F7-4668-BE54-9A1E7A4F7556}") = "InflowSystem.Modules.Customers.Core", "Modules\Customers\InflowSystem.Modules.Customers.Core\InflowSystem.Modules.Customers.Core.csproj", "{6D85EC48-1098-4C6C-81F7-FD779378A591}"
EndProject
Project("{2150E333-8FDC-42A3-9474-1A3956D46DE8}") = "Tests", "Tests", "{9ECA63C9-FF87-4246-81EB-6FE2E08A0116}"
EndProject
Project("{E53339B2-1760-4266-BCC7-CA923CBCF16C}") = "docker-compose", "docker-compose.dcproj", "{39384658-7D54-47B5-A42A-B99E542C8E9D}"
EndProject
Project("{2150E333-8FDC-42A3-9474-1A3956D46DE8}") = "Users", "Users", "{893D38B8-E8DF-44F5-A1A7-FF3C576EFCDF}"
EndProject
Project("{9A19103F-16F7-4668-BE54-9A1E7A4F7556}") = "InflowSystem.Modules.Users.Api", "Modules\Users\InflowSystem.Modules.Users.Api\InflowSystem.Modules.Users.Api.csproj", "{21025E05-8EA3-4BF4-93BA-A75D19D37C1A}"
EndProject
Project("{9A19103F-16F7-4668-BE54-9A1E7A4F7556}") = "InflowSystem.Modules.Users.Core", "Modules\Users\InflowSystem.Modules.Users.Core\InflowSystem.Modules.Users.Core.csproj", "{13CB1C1C-91FC-4D26-B2FD-E636498A10C9}"
EndProject
Project("{2150E333-8FDC-42A3-9474-1A3956D46DE8}") = "Solution Items", "Solution Items", "{8DE78D62-DB64-486C-83E7-E9534499D283}"
	ProjectSection(SolutionItems) = preProject
		.editorconfig = .editorconfig
	EndProjectSection
EndProject
Project("{2150E333-8FDC-42A3-9474-1A3956D46DE8}") = "Payments", "Payments", "{7D333044-1020-45F7-986D-FEB4F279A8EC}"
EndProject
Project("{9A19103F-16F7-4668-BE54-9A1E7A4F7556}") = "InflowSystem.Modules.Payments.Api", "Modules\Payments\InflowSystem.Modules.Payments.Api\InflowSystem.Modules.Payments.Api.csproj", "{CBE4FF8C-20DB-4681-B0A7-9AB4934693CF}"
EndProject
Project("{9A19103F-16F7-4668-BE54-9A1E7A4F7556}") = "InflowSystem.Modules.Payments.Core", "Modules\Payments\InflowSystem.Modules.Payments.Core\InflowSystem.Modules.Payments.Core.csproj", "{7C927689-E9A6-460C-B99A-B557C30915A1}"
EndProject
Project("{9A19103F-16F7-4668-BE54-9A1E7A4F7556}") = "InflowSystem.Modules.Payments.Shared", "Modules\Payments\InflowSystem.Modules.Payments.Shared\InflowSystem.Modules.Payments.Shared.csproj", "{38CBC003-2AE7-40A5-8932-F64C876BE426}"
EndProject
Project("{2150E333-8FDC-42A3-9474-1A3956D46DE8}") = "Wallets", "Wallets", "{A81C45B4-DC6D-453D-A550-BCCD392BB4F8}"
EndProject
Project("{2150E333-8FDC-42A3-9474-1A3956D46DE8}") = "tests", "tests", "{E28611BA-9D5D-46A0-8B1F-3347AC8BBD02}"
EndProject
Project("{FAE04EC0-301F-11D3-BF4B-00C04F79EFBC}") = "InflowSystem.Modules.Wallets.Api", "Modules\Wallets\InflowSystem.Modules.Wallets.Api\InflowSystem.Modules.Wallets.Api.csproj", "{3F6C9E9C-64FE-4794-A8DE-8B5127078E8F}"
EndProject
Project("{FAE04EC0-301F-11D3-BF4B-00C04F79EFBC}") = "InflowSystem.Modules.Wallets.Application", "Modules\Wallets\InflowSystem.Modules.Wallets.Application\InflowSystem.Modules.Wallets.Application.csproj", "{2AE531D0-2DC5-4076-A505-783C1F1516E1}"
EndProject
Project("{FAE04EC0-301F-11D3-BF4B-00C04F79EFBC}") = "InflowSystem.Modules.Wallets.Infrastructure", "Modules\Wallets\InflowSystem.Modules.Wallets.Infrastructure\InflowSystem.Modules.Wallets.Infrastructure.csproj", "{CA2A37A6-DB08-4BB4-8696-63BEBDD5AD7D}"
EndProject
Project("{FAE04EC0-301F-11D3-BF4B-00C04F79EFBC}") = "InflowSystem.Modules.Wallets.Core", "Modules\Wallets\InflowSystem.Modules.Wallets.Core\InflowSystem.Modules.Wallets.Core.csproj", "{5EFB304D-CF19-4810-A3C5-5D12A8773106}"
EndProject
Global
	GlobalSection(SolutionConfigurationPlatforms) = preSolution
		Debug|Any CPU = Debug|Any CPU
		Release|Any CPU = Release|Any CPU
	EndGlobalSection
	GlobalSection(ProjectConfigurationPlatforms) = postSolution
		{EB0C42D3-61D6-47CC-8486-2AA2B15445FE}.Debug|Any CPU.ActiveCfg = Debug|Any CPU
		{EB0C42D3-61D6-47CC-8486-2AA2B15445FE}.Debug|Any CPU.Build.0 = Debug|Any CPU
		{EB0C42D3-61D6-47CC-8486-2AA2B15445FE}.Release|Any CPU.ActiveCfg = Release|Any CPU
		{EB0C42D3-61D6-47CC-8486-2AA2B15445FE}.Release|Any CPU.Build.0 = Release|Any CPU
		{395F5323-82E7-4A5D-B828-1DA9BD401C83}.Debug|Any CPU.ActiveCfg = Debug|Any CPU
		{395F5323-82E7-4A5D-B828-1DA9BD401C83}.Debug|Any CPU.Build.0 = Debug|Any CPU
		{395F5323-82E7-4A5D-B828-1DA9BD401C83}.Release|Any CPU.ActiveCfg = Release|Any CPU
		{395F5323-82E7-4A5D-B828-1DA9BD401C83}.Release|Any CPU.Build.0 = Release|Any CPU
		{B4739E85-9A6E-48A2-A7CC-3EDDF34F9909}.Debug|Any CPU.ActiveCfg = Debug|Any CPU
		{B4739E85-9A6E-48A2-A7CC-3EDDF34F9909}.Debug|Any CPU.Build.0 = Debug|Any CPU
		{B4739E85-9A6E-48A2-A7CC-3EDDF34F9909}.Release|Any CPU.ActiveCfg = Release|Any CPU
		{B4739E85-9A6E-48A2-A7CC-3EDDF34F9909}.Release|Any CPU.Build.0 = Release|Any CPU
		{BFB4B215-E2C2-4E60-812A-7D0D47691ABA}.Debug|Any CPU.ActiveCfg = Debug|Any CPU
		{BFB4B215-E2C2-4E60-812A-7D0D47691ABA}.Debug|Any CPU.Build.0 = Debug|Any CPU
		{BFB4B215-E2C2-4E60-812A-7D0D47691ABA}.Release|Any CPU.ActiveCfg = Release|Any CPU
		{BFB4B215-E2C2-4E60-812A-7D0D47691ABA}.Release|Any CPU.Build.0 = Release|Any CPU
		{6D85EC48-1098-4C6C-81F7-FD779378A591}.Debug|Any CPU.ActiveCfg = Debug|Any CPU
		{6D85EC48-1098-4C6C-81F7-FD779378A591}.Debug|Any CPU.Build.0 = Debug|Any CPU
		{6D85EC48-1098-4C6C-81F7-FD779378A591}.Release|Any CPU.ActiveCfg = Release|Any CPU
		{6D85EC48-1098-4C6C-81F7-FD779378A591}.Release|Any CPU.Build.0 = Release|Any CPU
		{39384658-7D54-47B5-A42A-B99E542C8E9D}.Debug|Any CPU.ActiveCfg = Debug|Any CPU
		{39384658-7D54-47B5-A42A-B99E542C8E9D}.Debug|Any CPU.Build.0 = Debug|Any CPU
		{39384658-7D54-47B5-A42A-B99E542C8E9D}.Release|Any CPU.ActiveCfg = Release|Any CPU
		{39384658-7D54-47B5-A42A-B99E542C8E9D}.Release|Any CPU.Build.0 = Release|Any CPU
		{21025E05-8EA3-4BF4-93BA-A75D19D37C1A}.Debug|Any CPU.ActiveCfg = Debug|Any CPU
		{21025E05-8EA3-4BF4-93BA-A75D19D37C1A}.Debug|Any CPU.Build.0 = Debug|Any CPU
		{21025E05-8EA3-4BF4-93BA-A75D19D37C1A}.Release|Any CPU.ActiveCfg = Release|Any CPU
		{21025E05-8EA3-4BF4-93BA-A75D19D37C1A}.Release|Any CPU.Build.0 = Release|Any CPU
		{13CB1C1C-91FC-4D26-B2FD-E636498A10C9}.Debug|Any CPU.ActiveCfg = Debug|Any CPU
		{13CB1C1C-91FC-4D26-B2FD-E636498A10C9}.Debug|Any CPU.Build.0 = Debug|Any CPU
		{13CB1C1C-91FC-4D26-B2FD-E636498A10C9}.Release|Any CPU.ActiveCfg = Release|Any CPU
		{13CB1C1C-91FC-4D26-B2FD-E636498A10C9}.Release|Any CPU.Build.0 = Release|Any CPU
		{CBE4FF8C-20DB-4681-B0A7-9AB4934693CF}.Debug|Any CPU.ActiveCfg = Debug|Any CPU
		{CBE4FF8C-20DB-4681-B0A7-9AB4934693CF}.Debug|Any CPU.Build.0 = Debug|Any CPU
		{CBE4FF8C-20DB-4681-B0A7-9AB4934693CF}.Release|Any CPU.ActiveCfg = Release|Any CPU
		{CBE4FF8C-20DB-4681-B0A7-9AB4934693CF}.Release|Any CPU.Build.0 = Release|Any CPU
		{7C927689-E9A6-460C-B99A-B557C30915A1}.Debug|Any CPU.ActiveCfg = Debug|Any CPU
		{7C927689-E9A6-460C-B99A-B557C30915A1}.Debug|Any CPU.Build.0 = Debug|Any CPU
		{7C927689-E9A6-460C-B99A-B557C30915A1}.Release|Any CPU.ActiveCfg = Release|Any CPU
		{7C927689-E9A6-460C-B99A-B557C30915A1}.Release|Any CPU.Build.0 = Release|Any CPU
		{38CBC003-2AE7-40A5-8932-F64C876BE426}.Debug|Any CPU.ActiveCfg = Debug|Any CPU
		{38CBC003-2AE7-40A5-8932-F64C876BE426}.Debug|Any CPU.Build.0 = Debug|Any CPU
		{38CBC003-2AE7-40A5-8932-F64C876BE426}.Release|Any CPU.ActiveCfg = Release|Any CPU
		{38CBC003-2AE7-40A5-8932-F64C876BE426}.Release|Any CPU.Build.0 = Release|Any CPU
		{3F6C9E9C-64FE-4794-A8DE-8B5127078E8F}.Debug|Any CPU.ActiveCfg = Debug|Any CPU
		{3F6C9E9C-64FE-4794-A8DE-8B5127078E8F}.Debug|Any CPU.Build.0 = Debug|Any CPU
		{3F6C9E9C-64FE-4794-A8DE-8B5127078E8F}.Release|Any CPU.ActiveCfg = Release|Any CPU
		{3F6C9E9C-64FE-4794-A8DE-8B5127078E8F}.Release|Any CPU.Build.0 = Release|Any CPU
		{2AE531D0-2DC5-4076-A505-783C1F1516E1}.Debug|Any CPU.ActiveCfg = Debug|Any CPU
		{2AE531D0-2DC5-4076-A505-783C1F1516E1}.Debug|Any CPU.Build.0 = Debug|Any CPU
		{2AE531D0-2DC5-4076-A505-783C1F1516E1}.Release|Any CPU.ActiveCfg = Release|Any CPU
		{2AE531D0-2DC5-4076-A505-783C1F1516E1}.Release|Any CPU.Build.0 = Release|Any CPU
		{CA2A37A6-DB08-4BB4-8696-63BEBDD5AD7D}.Debug|Any CPU.ActiveCfg = Debug|Any CPU
		{CA2A37A6-DB08-4BB4-8696-63BEBDD5AD7D}.Debug|Any CPU.Build.0 = Debug|Any CPU
		{CA2A37A6-DB08-4BB4-8696-63BEBDD5AD7D}.Release|Any CPU.ActiveCfg = Release|Any CPU
		{CA2A37A6-DB08-4BB4-8696-63BEBDD5AD7D}.Release|Any CPU.Build.0 = Release|Any CPU
		{5EFB304D-CF19-4810-A3C5-5D12A8773106}.Debug|Any CPU.ActiveCfg = Debug|Any CPU
		{5EFB304D-CF19-4810-A3C5-5D12A8773106}.Debug|Any CPU.Build.0 = Debug|Any CPU
		{5EFB304D-CF19-4810-A3C5-5D12A8773106}.Release|Any CPU.ActiveCfg = Release|Any CPU
		{5EFB304D-CF19-4810-A3C5-5D12A8773106}.Release|Any CPU.Build.0 = Release|Any CPU
	EndGlobalSection
	GlobalSection(SolutionProperties) = preSolution
		HideSolutionNode = FALSE
	EndGlobalSection
	GlobalSection(NestedProjects) = preSolution
		{EB0C42D3-61D6-47CC-8486-2AA2B15445FE} = {9229F636-522F-4214-8DFD-2028F7939339}
		{395F5323-82E7-4A5D-B828-1DA9BD401C83} = {9229F636-522F-4214-8DFD-2028F7939339}
		{B4739E85-9A6E-48A2-A7CC-3EDDF34F9909} = {2C7CBE78-CCC3-4A34-BAC9-876780D1AE17}
		{05565DC1-824A-4147-9970-A75BD8DBE9A8} = {EC5939E3-6A7E-475A-B86C-90BC0778936F}
		{BFB4B215-E2C2-4E60-812A-7D0D47691ABA} = {05565DC1-824A-4147-9970-A75BD8DBE9A8}
		{6D85EC48-1098-4C6C-81F7-FD779378A591} = {05565DC1-824A-4147-9970-A75BD8DBE9A8}
		{9ECA63C9-FF87-4246-81EB-6FE2E08A0116} = {9229F636-522F-4214-8DFD-2028F7939339}
		{893D38B8-E8DF-44F5-A1A7-FF3C576EFCDF} = {EC5939E3-6A7E-475A-B86C-90BC0778936F}
		{21025E05-8EA3-4BF4-93BA-A75D19D37C1A} = {893D38B8-E8DF-44F5-A1A7-FF3C576EFCDF}
		{13CB1C1C-91FC-4D26-B2FD-E636498A10C9} = {893D38B8-E8DF-44F5-A1A7-FF3C576EFCDF}
		{7D333044-1020-45F7-986D-FEB4F279A8EC} = {EC5939E3-6A7E-475A-B86C-90BC0778936F}
		{CBE4FF8C-20DB-4681-B0A7-9AB4934693CF} = {7D333044-1020-45F7-986D-FEB4F279A8EC}
		{7C927689-E9A6-460C-B99A-B557C30915A1} = {7D333044-1020-45F7-986D-FEB4F279A8EC}
		{38CBC003-2AE7-40A5-8932-F64C876BE426} = {7D333044-1020-45F7-986D-FEB4F279A8EC}
		{A81C45B4-DC6D-453D-A550-BCCD392BB4F8} = {EC5939E3-6A7E-475A-B86C-90BC0778936F}
		{E28611BA-9D5D-46A0-8B1F-3347AC8BBD02} = {A81C45B4-DC6D-453D-A550-BCCD392BB4F8}
		{3F6C9E9C-64FE-4794-A8DE-8B5127078E8F} = {A81C45B4-DC6D-453D-A550-BCCD392BB4F8}
		{2AE531D0-2DC5-4076-A505-783C1F1516E1} = {A81C45B4-DC6D-453D-A550-BCCD392BB4F8}
		{CA2A37A6-DB08-4BB4-8696-63BEBDD5AD7D} = {A81C45B4-DC6D-453D-A550-BCCD392BB4F8}
		{5EFB304D-CF19-4810-A3C5-5D12A8773106} = {A81C45B4-DC6D-453D-A550-BCCD392BB4F8}
	EndGlobalSection
	GlobalSection(ExtensibilityGlobals) = postSolution
		SolutionGuid = {C1077121-08FD-4534-9070-45F90D92BB9A}
	EndGlobalSection
EndGlobal
